
Microsoft Visual Studio Solution File, Format Version 12.00
# Visual Studio Version 16
VisualStudioVersion = 16.0.33529.622
MinimumVisualStudioVersion = 10.0.40219.1
Project("{FAE04EC0-301F-11D3-BF4B-00C04F79EFBC}") = "TableLayout", "TableLayout\TableLayout.csproj", "{97CAEF90-493E-4E97-AB08-25BF5B571467}"
EndProject
Project("{FAE04EC0-301F-11D3-BF4B-00C04F79EFBC}") = "CustomControl", "..\CustomControl\CustomControl.csproj", "{9C0A5513-0239-4CAA-B555-20688B605D28}"
EndProject
Global
	GlobalSection(SolutionConfigurationPlatforms) = preSolution
		Debug|Any CPU = Debug|Any CPU
		Release|Any CPU = Release|Any CPU
	EndGlobalSection
	GlobalSection(ProjectConfigurationPlatforms) = postSolution
		{97CAEF90-493E-4E97-AB08-25BF5B571467}.Debug|Any CPU.ActiveCfg = Debug|Any CPU
		{97CAEF90-493E-4E97-AB08-25BF5B571467}.Debug|Any CPU.Build.0 = Debug|Any CPU
		{97CAEF90-493E-4E97-AB08-25BF5B571467}.Release|Any CPU.ActiveCfg = Release|Any CPU
		{97CAEF90-493E-4E97-AB08-25BF5B571467}.Release|Any CPU.Build.0 = Release|Any CPU
		{9C0A5513-0239-4CAA-B555-20688B605D28}.Debug|Any CPU.ActiveCfg = Debug|Any CPU
		{9C0A5513-0239-4CAA-B555-20688B605D28}.Debug|Any CPU.Build.0 = Debug|Any CPU
		{9C0A5513-0239-4CAA-B555-20688B605D28}.Release|Any CPU.ActiveCfg = Release|Any CPU
		{9C0A5513-0239-4CAA-B555-20688B605D28}.Release|Any CPU.Build.0 = Release|Any CPU
	EndGlobalSection
	GlobalSection(SolutionProperties) = preSolution
		HideSolutionNode = FALSE
	EndGlobalSection
	GlobalSection(ExtensibilityGlobals) = postSolution
		SolutionGuid = {396F5762-8080-476A-B314-88BE38CC2823}
	EndGlobalSection
EndGlobal
